
Microsoft Visual Studio Solution File, Format Version 12.00
# Visual Studio 15
VisualStudioVersion = 15.0.28307.136
MinimumVisualStudioVersion = 10.0.40219.1
Project("{FAE04EC0-301F-11D3-BF4B-00C04F79EFBC}") = "rules", "rules\rules.csproj", "{F34B4CE7-8B7C-4FC5-B3BE-90D23856DDD8}"
EndProject
Global
	GlobalSection(SolutionConfigurationPlatforms) = preSolution
		Debug|Any CPU = Debug|Any CPU
		Release|Any CPU = Release|Any CPU
	EndGlobalSection
	GlobalSection(ProjectConfigurationPlatforms) = postSolution
		{F34B4CE7-8B7C-4FC5-B3BE-90D23856DDD8}.Debug|Any CPU.ActiveCfg = Debug|Any CPU
		{F34B4CE7-8B7C-4FC5-B3BE-90D23856DDD8}.Debug|Any CPU.Build.0 = Debug|Any CPU
		{F34B4CE7-8B7C-4FC5-B3BE-90D23856DDD8}.Release|Any CPU.ActiveCfg = Release|Any CPU
		{F34B4CE7-8B7C-4FC5-B3BE-90D23856DDD8}.Release|Any CPU.Build.0 = Release|Any CPU
	EndGlobalSection
	GlobalSection(SolutionProperties) = preSolution
		HideSolutionNode = FALSE
	EndGlobalSection
	GlobalSection(ExtensibilityGlobals) = postSolution
		SolutionGuid = {B17A585C-0A87-4C8C-8B0D-03159850FEE9}
	EndGlobalSection
EndGlobal
